// !$*UTF8*$!
{
	archiveVersion = 1;
	classes = {
	};
	objectVersion = 56;
	objects = {

/* Begin PBXBuildFile section */
		B53788E2293F52BD008B05A8 /* Localizable.strings in Resources */ = {isa = PBXBuildFile; fileRef = B53788E4293F52BD008B05A8 /* Localizable.strings */; };
		B53788EA293F9718008B05A8 /* AllStrings.swift in Sources */ = {isa = PBXBuildFile; fileRef = B53788E9293F9718008B05A8 /* AllStrings.swift */; };
		B53788ED293F9FD5008B05A8 /* InfoPlist.strings in Resources */ = {isa = PBXBuildFile; fileRef = B53788EF293F9FD5008B05A8 /* InfoPlist.strings */; };
		B53788FB293FAB1C008B05A8 /* LaunchScreen_de.storyboard in Resources */ = {isa = PBXBuildFile; fileRef = B53788FA293FAB1C008B05A8 /* LaunchScreen_de.storyboard */; };
		B53788FD293FAB26008B05A8 /* LaunchScreen_ru.storyboard in Resources */ = {isa = PBXBuildFile; fileRef = B53788FC293FAB26008B05A8 /* LaunchScreen_ru.storyboard */; };
		B550806B293FC5E40044C906 /* Localizable.stringsdict in Resources */ = {isa = PBXBuildFile; fileRef = B550806D293FC5E40044C906 /* Localizable.stringsdict */; };
		B5508071293FCF090044C906 /* AdaptableSizeButton.swift in Sources */ = {isa = PBXBuildFile; fileRef = B5508070293FCF090044C906 /* AdaptableSizeButton.swift */; };
		B55E22F2293B95A700EB30D5 /* AppDelegate.swift in Sources */ = {isa = PBXBuildFile; fileRef = B55E22F1293B95A700EB30D5 /* AppDelegate.swift */; };
		B55E22F4293B95A700EB30D5 /* SceneDelegate.swift in Sources */ = {isa = PBXBuildFile; fileRef = B55E22F3293B95A700EB30D5 /* SceneDelegate.swift */; };
		B55E22FB293B95A900EB30D5 /* Assets.xcassets in Resources */ = {isa = PBXBuildFile; fileRef = B55E22FA293B95A900EB30D5 /* Assets.xcassets */; };
		B55E22FE293B95A900EB30D5 /* LaunchScreen.storyboard in Resources */ = {isa = PBXBuildFile; fileRef = B55E22FC293B95A900EB30D5 /* LaunchScreen.storyboard */; };
		B55E2308293B965900EB30D5 /* VisitedPlaces.swift in Sources */ = {isa = PBXBuildFile; fileRef = B55E2305293B965800EB30D5 /* VisitedPlaces.swift */; };
		B55E2309293B965900EB30D5 /* MapViewController.swift in Sources */ = {isa = PBXBuildFile; fileRef = B55E2306293B965800EB30D5 /* MapViewController.swift */; };
		B55E230A293B965900EB30D5 /* CoreLocationManager.swift in Sources */ = {isa = PBXBuildFile; fileRef = B55E2307293B965800EB30D5 /* CoreLocationManager.swift */; };
		B55E230D293B968400EB30D5 /* JGProgressHUD in Frameworks */ = {isa = PBXBuildFile; productRef = B55E230C293B968400EB30D5 /* JGProgressHUD */; };
		B55E230F293BAFD800EB30D5 /* AlertModel.swift in Sources */ = {isa = PBXBuildFile; fileRef = B55E230E293BAFD800EB30D5 /* AlertModel.swift */; };
		B55E2311293BB82400EB30D5 /* IndicatorModel.swift in Sources */ = {isa = PBXBuildFile; fileRef = B55E2310293BB82400EB30D5 /* IndicatorModel.swift */; };
/* End PBXBuildFile section */

/* Begin PBXFileReference section */
		B53788E3293F52BD008B05A8 /* en */ = {isa = PBXFileReference; lastKnownFileType = text.plist.strings; name = en; path = en.lproj/Localizable.strings; sourceTree = "<group>"; };
		B53788E6293F530E008B05A8 /* de */ = {isa = PBXFileReference; lastKnownFileType = text.plist.strings; name = de; path = de.lproj/Localizable.strings; sourceTree = "<group>"; };
		B53788E8293F5314008B05A8 /* ru */ = {isa = PBXFileReference; lastKnownFileType = text.plist.strings; name = ru; path = ru.lproj/Localizable.strings; sourceTree = "<group>"; };
		B53788E9293F9718008B05A8 /* AllStrings.swift */ = {isa = PBXFileReference; lastKnownFileType = sourcecode.swift; path = AllStrings.swift; sourceTree = "<group>"; };
		B53788EE293F9FD5008B05A8 /* en */ = {isa = PBXFileReference; lastKnownFileType = text.plist.strings; name = en; path = en.lproj/InfoPlist.strings; sourceTree = "<group>"; };
		B53788F0293F9FD8008B05A8 /* de */ = {isa = PBXFileReference; lastKnownFileType = text.plist.strings; name = de; path = de.lproj/InfoPlist.strings; sourceTree = "<group>"; };
		B53788F1293F9FD9008B05A8 /* ru */ = {isa = PBXFileReference; lastKnownFileType = text.plist.strings; name = ru; path = ru.lproj/InfoPlist.strings; sourceTree = "<group>"; };
		B53788F6293FA933008B05A8 /* en */ = {isa = PBXFileReference; lastKnownFileType = text.plist.strings; name = en; path = en.lproj/LaunchScreen.strings; sourceTree = "<group>"; };
		B53788F8293FA936008B05A8 /* de */ = {isa = PBXFileReference; lastKnownFileType = text.plist.strings; name = de; path = de.lproj/LaunchScreen.strings; sourceTree = "<group>"; };
		B53788F9293FA93A008B05A8 /* ru */ = {isa = PBXFileReference; lastKnownFileType = text.plist.strings; name = ru; path = ru.lproj/LaunchScreen.strings; sourceTree = "<group>"; };
		B53788FA293FAB1C008B05A8 /* LaunchScreen_de.storyboard */ = {isa = PBXFileReference; lastKnownFileType = file.storyboard; path = LaunchScreen_de.storyboard; sourceTree = "<group>"; };
		B53788FC293FAB26008B05A8 /* LaunchScreen_ru.storyboard */ = {isa = PBXFileReference; lastKnownFileType = file.storyboard; path = LaunchScreen_ru.storyboard; sourceTree = "<group>"; };
		B550806C293FC5E40044C906 /* en */ = {isa = PBXFileReference; lastKnownFileType = text.plist.stringsdict; name = en; path = en.lproj/Localizable.stringsdict; sourceTree = "<group>"; };
		B550806E293FC5E60044C906 /* de */ = {isa = PBXFileReference; lastKnownFileType = text.plist.stringsdict; name = de; path = de.lproj/Localizable.stringsdict; sourceTree = "<group>"; };
		B550806F293FC5E80044C906 /* ru */ = {isa = PBXFileReference; lastKnownFileType = text.plist.stringsdict; name = ru; path = ru.lproj/Localizable.stringsdict; sourceTree = "<group>"; };
		B5508070293FCF090044C906 /* AdaptableSizeButton.swift */ = {isa = PBXFileReference; lastKnownFileType = sourcecode.swift; path = AdaptableSizeButton.swift; sourceTree = "<group>"; };
		B55E22EE293B95A700EB30D5 /* MapLocationRoute.app */ = {isa = PBXFileReference; explicitFileType = wrapper.application; includeInIndex = 0; path = MapLocationRoute.app; sourceTree = BUILT_PRODUCTS_DIR; };
		B55E22F1293B95A700EB30D5 /* AppDelegate.swift */ = {isa = PBXFileReference; lastKnownFileType = sourcecode.swift; path = AppDelegate.swift; sourceTree = "<group>"; };
		B55E22F3293B95A700EB30D5 /* SceneDelegate.swift */ = {isa = PBXFileReference; lastKnownFileType = sourcecode.swift; path = SceneDelegate.swift; sourceTree = "<group>"; };
		B55E22FA293B95A900EB30D5 /* Assets.xcassets */ = {isa = PBXFileReference; lastKnownFileType = folder.assetcatalog; path = Assets.xcassets; sourceTree = "<group>"; };
		B55E22FD293B95A900EB30D5 /* Base */ = {isa = PBXFileReference; lastKnownFileType = file.storyboard; name = Base; path = Base.lproj/LaunchScreen.storyboard; sourceTree = "<group>"; };
		B55E22FF293B95A900EB30D5 /* Info.plist */ = {isa = PBXFileReference; lastKnownFileType = text.plist.xml; path = Info.plist; sourceTree = "<group>"; };
		B55E2305293B965800EB30D5 /* VisitedPlaces.swift */ = {isa = PBXFileReference; fileEncoding = 4; lastKnownFileType = sourcecode.swift; path = VisitedPlaces.swift; sourceTree = "<group>"; };
		B55E2306293B965800EB30D5 /* MapViewController.swift */ = {isa = PBXFileReference; fileEncoding = 4; lastKnownFileType = sourcecode.swift; path = MapViewController.swift; sourceTree = "<group>"; };
		B55E2307293B965800EB30D5 /* CoreLocationManager.swift */ = {isa = PBXFileReference; fileEncoding = 4; lastKnownFileType = sourcecode.swift; path = CoreLocationManager.swift; sourceTree = "<group>"; };
		B55E230E293BAFD800EB30D5 /* AlertModel.swift */ = {isa = PBXFileReference; lastKnownFileType = sourcecode.swift; path = AlertModel.swift; sourceTree = "<group>"; };
		B55E2310293BB82400EB30D5 /* IndicatorModel.swift */ = {isa = PBXFileReference; lastKnownFileType = sourcecode.swift; path = IndicatorModel.swift; sourceTree = "<group>"; };
/* End PBXFileReference section */

/* Begin PBXFrameworksBuildPhase section */
		B55E22EB293B95A700EB30D5 /* Frameworks */ = {
			isa = PBXFrameworksBuildPhase;
			buildActionMask = 2147483647;
			files = (
				B55E230D293B968400EB30D5 /* JGProgressHUD in Frameworks */,
			);
			runOnlyForDeploymentPostprocessing = 0;
		};
/* End PBXFrameworksBuildPhase section */

/* Begin PBXGroup section */
		B53788F2293FA1FB008B05A8 /* Localizable */ = {
			isa = PBXGroup;
			children = (
				B53788E9293F9718008B05A8 /* AllStrings.swift */,
				B53788E4293F52BD008B05A8 /* Localizable.strings */,
				B53788EF293F9FD5008B05A8 /* InfoPlist.strings */,
				B550806D293FC5E40044C906 /* Localizable.stringsdict */,
			);
			path = Localizable;
			sourceTree = "<group>";
		};
		B5508068293FB3260044C906 /* LaunchScreen */ = {
			isa = PBXGroup;
			children = (
				B55E22FC293B95A900EB30D5 /* LaunchScreen.storyboard */,
				B53788FA293FAB1C008B05A8 /* LaunchScreen_de.storyboard */,
				B53788FC293FAB26008B05A8 /* LaunchScreen_ru.storyboard */,
			);
			path = LaunchScreen;
			sourceTree = "<group>";
		};
		B5508072293FD20C0044C906 /* Models */ = {
			isa = PBXGroup;
			children = (
				B55E2305293B965800EB30D5 /* VisitedPlaces.swift */,
				B55E230E293BAFD800EB30D5 /* AlertModel.swift */,
				B55E2310293BB82400EB30D5 /* IndicatorModel.swift */,
				B5508070293FCF090044C906 /* AdaptableSizeButton.swift */,
			);
			path = Models;
			sourceTree = "<group>";
		};
		B55E22E5293B95A700EB30D5 = {
			isa = PBXGroup;
			children = (
				B55E22F0293B95A700EB30D5 /* MapLocationRoute */,
				B55E22EF293B95A700EB30D5 /* Products */,
			);
			sourceTree = "<group>";
		};
		B55E22EF293B95A700EB30D5 /* Products */ = {
			isa = PBXGroup;
			children = (
				B55E22EE293B95A700EB30D5 /* MapLocationRoute.app */,
			);
			name = Products;
			sourceTree = "<group>";
		};
		B55E22F0293B95A700EB30D5 /* MapLocationRoute */ = {
			isa = PBXGroup;
			children = (
				B55E22F1293B95A700EB30D5 /* AppDelegate.swift */,
				B55E22F3293B95A700EB30D5 /* SceneDelegate.swift */,
				B55E2306293B965800EB30D5 /* MapViewController.swift */,
				B55E2307293B965800EB30D5 /* CoreLocationManager.swift */,
				B5508072293FD20C0044C906 /* Models */,
				B53788F2293FA1FB008B05A8 /* Localizable */,
				B5508068293FB3260044C906 /* LaunchScreen */,
				B55E22FA293B95A900EB30D5 /* Assets.xcassets */,
				B55E22FF293B95A900EB30D5 /* Info.plist */,
			);
			path = MapLocationRoute;
			sourceTree = "<group>";
		};
/* End PBXGroup section */

/* Begin PBXNativeTarget section */
		B55E22ED293B95A700EB30D5 /* MapLocationRoute */ = {
			isa = PBXNativeTarget;
			buildConfigurationList = B55E2302293B95A900EB30D5 /* Build configuration list for PBXNativeTarget "MapLocationRoute" */;
			buildPhases = (
				B55E22EA293B95A700EB30D5 /* Sources */,
				B55E22EB293B95A700EB30D5 /* Frameworks */,
				B55E22EC293B95A700EB30D5 /* Resources */,
			);
			buildRules = (
			);
			dependencies = (
			);
			name = MapLocationRoute;
			packageProductDependencies = (
				B55E230C293B968400EB30D5 /* JGProgressHUD */,
			);
			productName = MapLocationRoute;
			productReference = B55E22EE293B95A700EB30D5 /* MapLocationRoute.app */;
			productType = "com.apple.product-type.application";
		};
/* End PBXNativeTarget section */

/* Begin PBXProject section */
		B55E22E6293B95A700EB30D5 /* Project object */ = {
			isa = PBXProject;
			attributes = {
				BuildIndependentTargetsInParallel = 1;
				LastSwiftUpdateCheck = 1410;
				LastUpgradeCheck = 1410;
				TargetAttributes = {
					B55E22ED293B95A700EB30D5 = {
						CreatedOnToolsVersion = 14.1;
					};
				};
			};
			buildConfigurationList = B55E22E9293B95A700EB30D5 /* Build configuration list for PBXProject "MapLocationRoute" */;
			compatibilityVersion = "Xcode 14.0";
			developmentRegion = en;
			hasScannedForEncodings = 0;
			knownRegions = (
				en,
				Base,
				de,
				ru,
			);
			mainGroup = B55E22E5293B95A700EB30D5;
			packageReferences = (
				B55E230B293B968400EB30D5 /* XCRemoteSwiftPackageReference "JGProgressHUD" */,
			);
			productRefGroup = B55E22EF293B95A700EB30D5 /* Products */;
			projectDirPath = "";
			projectRoot = "";
			targets = (
				B55E22ED293B95A700EB30D5 /* MapLocationRoute */,
			);
		};
/* End PBXProject section */

/* Begin PBXResourcesBuildPhase section */
		B55E22EC293B95A700EB30D5 /* Resources */ = {
			isa = PBXResourcesBuildPhase;
			buildActionMask = 2147483647;
			files = (
				B53788FD293FAB26008B05A8 /* LaunchScreen_ru.storyboard in Resources */,
				B55E22FE293B95A900EB30D5 /* LaunchScreen.storyboard in Resources */,
				B53788ED293F9FD5008B05A8 /* InfoPlist.strings in Resources */,
				B53788E2293F52BD008B05A8 /* Localizable.strings in Resources */,
				B55E22FB293B95A900EB30D5 /* Assets.xcassets in Resources */,
				B53788FB293FAB1C008B05A8 /* LaunchScreen_de.storyboard in Resources */,
				B550806B293FC5E40044C906 /* Localizable.stringsdict in Resources */,
			);
			runOnlyForDeploymentPostprocessing = 0;
		};
/* End PBXResourcesBuildPhase section */

/* Begin PBXSourcesBuildPhase section */
		B55E22EA293B95A700EB30D5 /* Sources */ = {
			isa = PBXSourcesBuildPhase;
			buildActionMask = 2147483647;
			files = (
				B55E2311293BB82400EB30D5 /* IndicatorModel.swift in Sources */,
				B55E22F2293B95A700EB30D5 /* AppDelegate.swift in Sources */,
				B5508071293FCF090044C906 /* AdaptableSizeButton.swift in Sources */,
				B55E22F4293B95A700EB30D5 /* SceneDelegate.swift in Sources */,
				B55E230A293B965900EB30D5 /* CoreLocationManager.swift in Sources */,
				B55E2309293B965900EB30D5 /* MapViewController.swift in Sources */,
				B55E230F293BAFD800EB30D5 /* AlertModel.swift in Sources */,
				B53788EA293F9718008B05A8 /* AllStrings.swift in Sources */,
				B55E2308293B965900EB30D5 /* VisitedPlaces.swift in Sources */,
			);
			runOnlyForDeploymentPostprocessing = 0;
		};
/* End PBXSourcesBuildPhase section */

/* Begin PBXVariantGroup section */
		B53788E4293F52BD008B05A8 /* Localizable.strings */ = {
			isa = PBXVariantGroup;
			children = (
				B53788E3293F52BD008B05A8 /* en */,
				B53788E6293F530E008B05A8 /* de */,
				B53788E8293F5314008B05A8 /* ru */,
			);
			name = Localizable.strings;
			sourceTree = "<group>";
		};
		B53788EF293F9FD5008B05A8 /* InfoPlist.strings */ = {
			isa = PBXVariantGroup;
			children = (
				B53788EE293F9FD5008B05A8 /* en */,
				B53788F0293F9FD8008B05A8 /* de */,
				B53788F1293F9FD9008B05A8 /* ru */,
			);
			name = InfoPlist.strings;
			sourceTree = "<group>";
		};
		B550806D293FC5E40044C906 /* Localizable.stringsdict */ = {
			isa = PBXVariantGroup;
			children = (
				B550806C293FC5E40044C906 /* en */,
				B550806E293FC5E60044C906 /* de */,
				B550806F293FC5E80044C906 /* ru */,
			);
			name = Localizable.stringsdict;
			sourceTree = "<group>";
		};
		B55E22FC293B95A900EB30D5 /* LaunchScreen.storyboard */ = {
			isa = PBXVariantGroup;
			children = (
				B55E22FD293B95A900EB30D5 /* Base */,
				B53788F6293FA933008B05A8 /* en */,
				B53788F8293FA936008B05A8 /* de */,
				B53788F9293FA93A008B05A8 /* ru */,
			);
			name = LaunchScreen.storyboard;
			sourceTree = "<group>";
		};
/* End PBXVariantGroup section */

/* Begin XCBuildConfiguration section */
		B55E2300293B95A900EB30D5 /* Debug */ = {
			isa = XCBuildConfiguration;
			buildSettings = {
				ALWAYS_SEARCH_USER_PATHS = NO;
				CLANG_ANALYZER_LOCALIZABILITY_NONLOCALIZED = YES;
				CLANG_ANALYZER_NONNULL = YES;
				CLANG_ANALYZER_NUMBER_OBJECT_CONVERSION = YES_AGGRESSIVE;
				CLANG_CXX_LANGUAGE_STANDARD = "gnu++20";
				CLANG_ENABLE_MODULES = YES;
				CLANG_ENABLE_OBJC_ARC = YES;
				CLANG_ENABLE_OBJC_WEAK = YES;
				CLANG_WARN_BLOCK_CAPTURE_AUTORELEASING = YES;
				CLANG_WARN_BOOL_CONVERSION = YES;
				CLANG_WARN_COMMA = YES;
				CLANG_WARN_CONSTANT_CONVERSION = YES;
				CLANG_WARN_DEPRECATED_OBJC_IMPLEMENTATIONS = YES;
				CLANG_WARN_DIRECT_OBJC_ISA_USAGE = YES_ERROR;
				CLANG_WARN_DOCUMENTATION_COMMENTS = YES;
				CLANG_WARN_EMPTY_BODY = YES;
				CLANG_WARN_ENUM_CONVERSION = YES;
				CLANG_WARN_INFINITE_RECURSION = YES;
				CLANG_WARN_INT_CONVERSION = YES;
				CLANG_WARN_NON_LITERAL_NULL_CONVERSION = YES;
				CLANG_WARN_OBJC_IMPLICIT_RETAIN_SELF = YES;
				CLANG_WARN_OBJC_LITERAL_CONVERSION = YES;
				CLANG_WARN_OBJC_ROOT_CLASS = YES_ERROR;
				CLANG_WARN_QUOTED_INCLUDE_IN_FRAMEWORK_HEADER = YES;
				CLANG_WARN_RANGE_LOOP_ANALYSIS = YES;
				CLANG_WARN_STRICT_PROTOTYPES = YES;
				CLANG_WARN_SUSPICIOUS_MOVE = YES;
				CLANG_WARN_UNGUARDED_AVAILABILITY = YES_AGGRESSIVE;
				CLANG_WARN_UNREACHABLE_CODE = YES;
				CLANG_WARN__DUPLICATE_METHOD_MATCH = YES;
				COPY_PHASE_STRIP = NO;
				DEBUG_INFORMATION_FORMAT = dwarf;
				ENABLE_STRICT_OBJC_MSGSEND = YES;
				ENABLE_TESTABILITY = YES;
				GCC_C_LANGUAGE_STANDARD = gnu11;
				GCC_DYNAMIC_NO_PIC = NO;
				GCC_NO_COMMON_BLOCKS = YES;
				GCC_OPTIMIZATION_LEVEL = 0;
				GCC_PREPROCESSOR_DEFINITIONS = (
					"DEBUG=1",
					"$(inherited)",
				);
				GCC_WARN_64_TO_32_BIT_CONVERSION = YES;
				GCC_WARN_ABOUT_RETURN_TYPE = YES_ERROR;
				GCC_WARN_UNDECLARED_SELECTOR = YES;
				GCC_WARN_UNINITIALIZED_AUTOS = YES_AGGRESSIVE;
				GCC_WARN_UNUSED_FUNCTION = YES;
				GCC_WARN_UNUSED_VARIABLE = YES;
				IPHONEOS_DEPLOYMENT_TARGET = 16.1;
				MTL_ENABLE_DEBUG_INFO = INCLUDE_SOURCE;
				MTL_FAST_MATH = YES;
				ONLY_ACTIVE_ARCH = YES;
				SDKROOT = iphoneos;
				SWIFT_ACTIVE_COMPILATION_CONDITIONS = DEBUG;
				SWIFT_OPTIMIZATION_LEVEL = "-Onone";
			};
			name = Debug;
		};
		B55E2301293B95A900EB30D5 /* Release */ = {
			isa = XCBuildConfiguration;
			buildSettings = {
				ALWAYS_SEARCH_USER_PATHS = NO;
				CLANG_ANALYZER_LOCALIZABILITY_NONLOCALIZED = YES;
				CLANG_ANALYZER_NONNULL = YES;
				CLANG_ANALYZER_NUMBER_OBJECT_CONVERSION = YES_AGGRESSIVE;
				CLANG_CXX_LANGUAGE_STANDARD = "gnu++20";
				CLANG_ENABLE_MODULES = YES;
				CLANG_ENABLE_OBJC_ARC = YES;
				CLANG_ENABLE_OBJC_WEAK = YES;
				CLANG_WARN_BLOCK_CAPTURE_AUTORELEASING = YES;
				CLANG_WARN_BOOL_CONVERSION = YES;
				CLANG_WARN_COMMA = YES;
				CLANG_WARN_CONSTANT_CONVERSION = YES;
				CLANG_WARN_DEPRECATED_OBJC_IMPLEMENTATIONS = YES;
				CLANG_WARN_DIRECT_OBJC_ISA_USAGE = YES_ERROR;
				CLANG_WARN_DOCUMENTATION_COMMENTS = YES;
				CLANG_WARN_EMPTY_BODY = YES;
				CLANG_WARN_ENUM_CONVERSION = YES;
				CLANG_WARN_INFINITE_RECURSION = YES;
				CLANG_WARN_INT_CONVERSION = YES;
				CLANG_WARN_NON_LITERAL_NULL_CONVERSION = YES;
				CLANG_WARN_OBJC_IMPLICIT_RETAIN_SELF = YES;
				CLANG_WARN_OBJC_LITERAL_CONVERSION = YES;
				CLANG_WARN_OBJC_ROOT_CLASS = YES_ERROR;
				CLANG_WARN_QUOTED_INCLUDE_IN_FRAMEWORK_HEADER = YES;
				CLANG_WARN_RANGE_LOOP_ANALYSIS = YES;
				CLANG_WARN_STRICT_PROTOTYPES = YES;
				CLANG_WARN_SUSPICIOUS_MOVE = YES;
				CLANG_WARN_UNGUARDED_AVAILABILITY = YES_AGGRESSIVE;
				CLANG_WARN_UNREACHABLE_CODE = YES;
				CLANG_WARN__DUPLICATE_METHOD_MATCH = YES;
				COPY_PHASE_STRIP = NO;
				DEBUG_INFORMATION_FORMAT = "dwarf-with-dsym";
				ENABLE_NS_ASSERTIONS = NO;
				ENABLE_STRICT_OBJC_MSGSEND = YES;
				GCC_C_LANGUAGE_STANDARD = gnu11;
				GCC_NO_COMMON_BLOCKS = YES;
				GCC_WARN_64_TO_32_BIT_CONVERSION = YES;
				GCC_WARN_ABOUT_RETURN_TYPE = YES_ERROR;
				GCC_WARN_UNDECLARED_SELECTOR = YES;
				GCC_WARN_UNINITIALIZED_AUTOS = YES_AGGRESSIVE;
				GCC_WARN_UNUSED_FUNCTION = YES;
				GCC_WARN_UNUSED_VARIABLE = YES;
				IPHONEOS_DEPLOYMENT_TARGET = 16.1;
				MTL_ENABLE_DEBUG_INFO = NO;
				MTL_FAST_MATH = YES;
				SDKROOT = iphoneos;
				SWIFT_COMPILATION_MODE = wholemodule;
				SWIFT_OPTIMIZATION_LEVEL = "-O";
				VALIDATE_PRODUCT = YES;
			};
			name = Release;
		};
		B55E2303293B95A900EB30D5 /* Debug */ = {
			isa = XCBuildConfiguration;
			buildSettings = {
				ASSETCATALOG_COMPILER_APPICON_NAME = AppIcon;
				ASSETCATALOG_COMPILER_GLOBAL_ACCENT_COLOR_NAME = AccentColor;
				CODE_SIGN_STYLE = Automatic;
				CURRENT_PROJECT_VERSION = 1;
				DEVELOPMENT_TEAM = J6J4USC39N;
				GENERATE_INFOPLIST_FILE = YES;
				INFOPLIST_FILE = MapLocationRoute/Info.plist;
				INFOPLIST_KEY_NSLocationWhenInUseUsageDescription = "Please allow access to determine your location";
				INFOPLIST_KEY_UIApplicationSupportsIndirectInputEvents = YES;
				INFOPLIST_KEY_UILaunchStoryboardName = LaunchScreen;
				INFOPLIST_KEY_UISupportedInterfaceOrientations = "UIInterfaceOrientationLandscapeLeft UIInterfaceOrientationLandscapeRight UIInterfaceOrientationPortrait UIInterfaceOrientationPortraitUpsideDown";
				IPHONEOS_DEPLOYMENT_TARGET = 16.0;
				LD_RUNPATH_SEARCH_PATHS = (
					"$(inherited)",
					"@executable_path/Frameworks",
				);
				MARKETING_VERSION = 1.0;
				PRODUCT_BUNDLE_IDENTIFIER = com.bolgardanchenko.MapLocationRoute;
				PRODUCT_NAME = "$(TARGET_NAME)";
				SWIFT_EMIT_LOC_STRINGS = YES;
				SWIFT_VERSION = 5.0;
				TARGETED_DEVICE_FAMILY = "1,2";
			};
			name = Debug;
		};
		B55E2304293B95A900EB30D5 /* Release */ = {
			isa = XCBuildConfiguration;
			buildSettings = {
				ASSETCATALOG_COMPILER_APPICON_NAME = AppIcon;
				ASSETCATALOG_COMPILER_GLOBAL_ACCENT_COLOR_NAME = AccentColor;
				CODE_SIGN_STYLE = Automatic;
				CURRENT_PROJECT_VERSION = 1;
				DEVELOPMENT_TEAM = J6J4USC39N;
				GENERATE_INFOPLIST_FILE = YES;
				INFOPLIST_FILE = MapLocationRoute/Info.plist;
				INFOPLIST_KEY_NSLocationWhenInUseUsageDescription = "Please allow access to determine your location";
				INFOPLIST_KEY_UIApplicationSupportsIndirectInputEvents = YES;
				INFOPLIST_KEY_UILaunchStoryboardName = LaunchScreen;
				INFOPLIST_KEY_UISupportedInterfaceOrientations = "UIInterfaceOrientationLandscapeLeft UIInterfaceOrientationLandscapeRight UIInterfaceOrientationPortrait UIInterfaceOrientationPortraitUpsideDown";
				IPHONEOS_DEPLOYMENT_TARGET = 16.0;
				LD_RUNPATH_SEARCH_PATHS = (
					"$(inherited)",
					"@executable_path/Frameworks",
				);
				MARKETING_VERSION = 1.0;
				PRODUCT_BUNDLE_IDENTIFIER = com.bolgardanchenko.MapLocationRoute;
				PRODUCT_NAME = "$(TARGET_NAME)";
				SWIFT_EMIT_LOC_STRINGS = YES;
				SWIFT_VERSION = 5.0;
				TARGETED_DEVICE_FAMILY = "1,2";
			};
			name = Release;
		};
/* End XCBuildConfiguration section */

/* Begin XCConfigurationList section */
		B55E22E9293B95A700EB30D5 /* Build configuration list for PBXProject "MapLocationRoute" */ = {
			isa = XCConfigurationList;
			buildConfigurations = (
				B55E2300293B95A900EB30D5 /* Debug */,
				B55E2301293B95A900EB30D5 /* Release */,
			);
			defaultConfigurationIsVisible = 0;
			defaultConfigurationName = Release;
		};
		B55E2302293B95A900EB30D5 /* Build configuration list for PBXNativeTarget "MapLocationRoute" */ = {
			isa = XCConfigurationList;
			buildConfigurations = (
				B55E2303293B95A900EB30D5 /* Debug */,
				B55E2304293B95A900EB30D5 /* Release */,
			);
			defaultConfigurationIsVisible = 0;
			defaultConfigurationName = Release;
		};
/* End XCConfigurationList section */

/* Begin XCRemoteSwiftPackageReference section */
		B55E230B293B968400EB30D5 /* XCRemoteSwiftPackageReference "JGProgressHUD" */ = {
			isa = XCRemoteSwiftPackageReference;
			repositoryURL = "https://github.com/JonasGessner/JGProgressHUD";
			requirement = {
				kind = upToNextMajorVersion;
				minimumVersion = 2.0.0;
			};
		};
/* End XCRemoteSwiftPackageReference section */

/* Begin XCSwiftPackageProductDependency section */
		B55E230C293B968400EB30D5 /* JGProgressHUD */ = {
			isa = XCSwiftPackageProductDependency;
			package = B55E230B293B968400EB30D5 /* XCRemoteSwiftPackageReference "JGProgressHUD" */;
			productName = JGProgressHUD;
		};
/* End XCSwiftPackageProductDependency section */
	};
	rootObject = B55E22E6293B95A700EB30D5 /* Project object */;
}
